// !$*UTF8*$!
{
	archiveVersion = 1;
	classes = {
	};
	objectVersion = 48;
	objects = {

/* Begin PBXBuildFile section */
		20C1F32E20623B5600251E29 /* AppDelegate.swift in Sources */ = {isa = PBXBuildFile; fileRef = 20C1F32D20623B5600251E29 /* AppDelegate.swift */; };
		20C1F33020623B5600251E29 /* ViewController.swift in Sources */ = {isa = PBXBuildFile; fileRef = 20C1F32F20623B5600251E29 /* ViewController.swift */; };
		20C1F33320623B5600251E29 /* Main.storyboard in Resources */ = {isa = PBXBuildFile; fileRef = 20C1F33120623B5600251E29 /* Main.storyboard */; };
		20C1F33520623B5600251E29 /* Assets.xcassets in Resources */ = {isa = PBXBuildFile; fileRef = 20C1F33420623B5600251E29 /* Assets.xcassets */; };
		20C1F34020623BCF00251E29 /* Launch Screen.storyboard in Resources */ = {isa = PBXBuildFile; fileRef = 20C1F33F20623BCF00251E29 /* Launch Screen.storyboard */; };
		20C9238E20624F2300499EBC /* GoogleService-Info.plist in Resources */ = {isa = PBXBuildFile; fileRef = 20C9238D20624F2300499EBC /* GoogleService-Info.plist */; };
		20C9239020624F3200499EBC /* Info.plist in Resources */ = {isa = PBXBuildFile; fileRef = 20C9238F20624F3100499EBC /* Info.plist */; };
		20CB8BFE2062438000F71175 /* DKViewController.swift in Sources */ = {isa = PBXBuildFile; fileRef = 20CB8BFD2062438000F71175 /* DKViewController.swift */; };
		20CB8C00206244E600F71175 /* DNViewController.swift in Sources */ = {isa = PBXBuildFile; fileRef = 20CB8BFF206244E600F71175 /* DNViewController.swift */; };
		52DCB67672096FE199EB97CB /* Pods_QuizTime.framework in Frameworks */ = {isa = PBXBuildFile; fileRef = 44200665389EA14E017FD64D /* Pods_QuizTime.framework */; };
/* End PBXBuildFile section */

/* Begin PBXFileReference section */
		20C1F32A20623B5600251E29 /* QuizTime.app */ = {isa = PBXFileReference; explicitFileType = wrapper.application; includeInIndex = 0; path = QuizTime.app; sourceTree = BUILT_PRODUCTS_DIR; };
		20C1F32D20623B5600251E29 /* AppDelegate.swift */ = {isa = PBXFileReference; lastKnownFileType = sourcecode.swift; path = AppDelegate.swift; sourceTree = "<group>"; };
		20C1F32F20623B5600251E29 /* ViewController.swift */ = {isa = PBXFileReference; lastKnownFileType = sourcecode.swift; path = ViewController.swift; sourceTree = "<group>"; };
		20C1F33220623B5600251E29 /* Base */ = {isa = PBXFileReference; lastKnownFileType = file.storyboard; name = Base; path = Base.lproj/Main.storyboard; sourceTree = "<group>"; };
		20C1F33420623B5600251E29 /* Assets.xcassets */ = {isa = PBXFileReference; lastKnownFileType = folder.assetcatalog; path = Assets.xcassets; sourceTree = "<group>"; };
		20C1F33F20623BCF00251E29 /* Launch Screen.storyboard */ = {isa = PBXFileReference; lastKnownFileType = file.storyboard; path = "Launch Screen.storyboard"; sourceTree = "<group>"; };
		20C9238D20624F2300499EBC /* GoogleService-Info.plist */ = {isa = PBXFileReference; fileEncoding = 4; lastKnownFileType = text.plist.xml; name = "GoogleService-Info.plist"; path = "QuizTime/GoogleService-Info.plist"; sourceTree = SOURCE_ROOT; };
		20C9238F20624F3100499EBC /* Info.plist */ = {isa = PBXFileReference; fileEncoding = 4; lastKnownFileType = text.plist.xml; name = Info.plist; path = "QuizTime/New Folder/Info.plist"; sourceTree = SOURCE_ROOT; };
		20CB8BFD2062438000F71175 /* DKViewController.swift */ = {isa = PBXFileReference; lastKnownFileType = sourcecode.swift; path = DKViewController.swift; sourceTree = "<group>"; };
		20CB8BFF206244E600F71175 /* DNViewController.swift */ = {isa = PBXFileReference; lastKnownFileType = sourcecode.swift; path = DNViewController.swift; sourceTree = "<group>"; };
		31C0E4FE19CD138A5E8D7D34 /* Pods-QuizTime.release.xcconfig */ = {isa = PBXFileReference; includeInIndex = 1; lastKnownFileType = text.xcconfig; name = "Pods-QuizTime.release.xcconfig"; path = "Pods/Target Support Files/Pods-QuizTime/Pods-QuizTime.release.xcconfig"; sourceTree = "<group>"; };
		44200665389EA14E017FD64D /* Pods_QuizTime.framework */ = {isa = PBXFileReference; explicitFileType = wrapper.framework; includeInIndex = 0; path = Pods_QuizTime.framework; sourceTree = BUILT_PRODUCTS_DIR; };
		963CF4D5710866C14F2AE444 /* Pods-QuizTime.debug.xcconfig */ = {isa = PBXFileReference; includeInIndex = 1; lastKnownFileType = text.xcconfig; name = "Pods-QuizTime.debug.xcconfig"; path = "Pods/Target Support Files/Pods-QuizTime/Pods-QuizTime.debug.xcconfig"; sourceTree = "<group>"; };
/* End PBXFileReference section */

/* Begin PBXFrameworksBuildPhase section */
		20C1F32720623B5600251E29 /* Frameworks */ = {
			isa = PBXFrameworksBuildPhase;
			buildActionMask = 2147483647;
			files = (
				52DCB67672096FE199EB97CB /* Pods_QuizTime.framework in Frameworks */,
			);
			runOnlyForDeploymentPostprocessing = 0;
		};
/* End PBXFrameworksBuildPhase section */

/* Begin PBXGroup section */
		0D24F1E5FF55A019D24DD524 /* Frameworks */ = {
			isa = PBXGroup;
			children = (
				44200665389EA14E017FD64D /* Pods_QuizTime.framework */,
			);
			name = Frameworks;
			sourceTree = "<group>";
		};
		20295DF220624B86001EFE80 /* Views */ = {
			isa = PBXGroup;
			children = (
				20C1F33120623B5600251E29 /* Main.storyboard */,
				20C1F33F20623BCF00251E29 /* Launch Screen.storyboard */,
			);
			path = Views;
			sourceTree = "<group>";
		};
		20295DF320624B9F001EFE80 /* Controllers */ = {
			isa = PBXGroup;
			children = (
				20C1F32D20623B5600251E29 /* AppDelegate.swift */,
				20C1F32F20623B5600251E29 /* ViewController.swift */,
				20CB8BFD2062438000F71175 /* DKViewController.swift */,
				20CB8BFF206244E600F71175 /* DNViewController.swift */,
			);
			path = Controllers;
			sourceTree = "<group>";
		};
		20C1F32120623B5600251E29 = {
			isa = PBXGroup;
			children = (
				20C1F32C20623B5600251E29 /* QuizTime */,
				20C1F32B20623B5600251E29 /* Products */,
				5EA19A4EEEDC7C210305E471 /* Pods */,
				0D24F1E5FF55A019D24DD524 /* Frameworks */,
			);
			sourceTree = "<group>";
		};
		20C1F32B20623B5600251E29 /* Products */ = {
			isa = PBXGroup;
			children = (
				20C1F32A20623B5600251E29 /* QuizTime.app */,
			);
			name = Products;
			sourceTree = "<group>";
		};
		20C1F32C20623B5600251E29 /* QuizTime */ = {
			isa = PBXGroup;
			children = (
				20295DF320624B9F001EFE80 /* Controllers */,
				20295DF220624B86001EFE80 /* Views */,
				20C1F33420623B5600251E29 /* Assets.xcassets */,
				20C9238F20624F3100499EBC /* Info.plist */,
				20C9238D20624F2300499EBC /* GoogleService-Info.plist */,
			);
			path = QuizTime;
			sourceTree = "<group>";
		};
		5EA19A4EEEDC7C210305E471 /* Pods */ = {
			isa = PBXGroup;
			children = (
				963CF4D5710866C14F2AE444 /* Pods-QuizTime.debug.xcconfig */,
				31C0E4FE19CD138A5E8D7D34 /* Pods-QuizTime.release.xcconfig */,
			);
			name = Pods;
			sourceTree = "<group>";
		};
/* End PBXGroup section */

/* Begin PBXNativeTarget section */
		20C1F32920623B5600251E29 /* QuizTime */ = {
			isa = PBXNativeTarget;
			buildConfigurationList = 20C1F33C20623B5600251E29 /* Build configuration list for PBXNativeTarget "QuizTime" */;
			buildPhases = (
				7EBC43AE3CE6D037AC90DB95 /* [CP] Check Pods Manifest.lock */,
				20C1F32620623B5600251E29 /* Sources */,
				20C1F32720623B5600251E29 /* Frameworks */,
				20C1F32820623B5600251E29 /* Resources */,
				C584E0446636BF23D461CBE2 /* [CP] Embed Pods Frameworks */,
				C59E2C7E6CE45FDEF4C6EBE4 /* [CP] Copy Pods Resources */,
			);
			buildRules = (
			);
			dependencies = (
			);
			name = QuizTime;
			productName = QuizTime;
			productReference = 20C1F32A20623B5600251E29 /* QuizTime.app */;
			productType = "com.apple.product-type.application";
		};
/* End PBXNativeTarget section */

/* Begin PBXProject section */
		20C1F32220623B5600251E29 /* Project object */ = {
			isa = PBXProject;
			attributes = {
				LastSwiftUpdateCheck = 0920;
				LastUpgradeCheck = 0920;
				ORGANIZATIONNAME = Sam;
				TargetAttributes = {
					20C1F32920623B5600251E29 = {
						CreatedOnToolsVersion = 9.2;
						ProvisioningStyle = Automatic;
					};
				};
			};
			buildConfigurationList = 20C1F32520623B5600251E29 /* Build configuration list for PBXProject "QuizTime" */;
			compatibilityVersion = "Xcode 8.0";
			developmentRegion = en;
			hasScannedForEncodings = 0;
			knownRegions = (
				en,
				Base,
			);
			mainGroup = 20C1F32120623B5600251E29;
			productRefGroup = 20C1F32B20623B5600251E29 /* Products */;
			projectDirPath = "";
			projectRoot = "";
			targets = (
				20C1F32920623B5600251E29 /* QuizTime */,
			);
		};
/* End PBXProject section */

/* Begin PBXResourcesBuildPhase section */
		20C1F32820623B5600251E29 /* Resources */ = {
			isa = PBXResourcesBuildPhase;
			buildActionMask = 2147483647;
			files = (
				20C1F33520623B5600251E29 /* Assets.xcassets in Resources */,
				20C9239020624F3200499EBC /* Info.plist in Resources */,
				20C9238E20624F2300499EBC /* GoogleService-Info.plist in Resources */,
				20C1F34020623BCF00251E29 /* Launch Screen.storyboard in Resources */,
				20C1F33320623B5600251E29 /* Main.storyboard in Resources */,
			);
			runOnlyForDeploymentPostprocessing = 0;
		};
/* End PBXResourcesBuildPhase section */

/* Begin PBXShellScriptBuildPhase section */
		7EBC43AE3CE6D037AC90DB95 /* [CP] Check Pods Manifest.lock */ = {
			isa = PBXShellScriptBuildPhase;
			buildActionMask = 2147483647;
			files = (
			);
			inputPaths = (
				"${PODS_PODFILE_DIR_PATH}/Podfile.lock",
				"${PODS_ROOT}/Manifest.lock",
			);
			name = "[CP] Check Pods Manifest.lock";
			outputPaths = (
				"$(DERIVED_FILE_DIR)/Pods-QuizTime-checkManifestLockResult.txt",
			);
			runOnlyForDeploymentPostprocessing = 0;
			shellPath = /bin/sh;
			shellScript = "diff \"${PODS_PODFILE_DIR_PATH}/Podfile.lock\" \"${PODS_ROOT}/Manifest.lock\" > /dev/null\nif [ $? != 0 ] ; then\n    # print error to STDERR\n    echo \"error: The sandbox is not in sync with the Podfile.lock. Run 'pod install' or update your CocoaPods installation.\" >&2\n    exit 1\nfi\n# This output is used by Xcode 'outputs' to avoid re-running this script phase.\necho \"SUCCESS\" > \"${SCRIPT_OUTPUT_FILE_0}\"\n";
			showEnvVarsInLog = 0;
		};
		C584E0446636BF23D461CBE2 /* [CP] Embed Pods Frameworks */ = {
			isa = PBXShellScriptBuildPhase;
			buildActionMask = 2147483647;
			files = (
			);
			inputPaths = (
				"${SRCROOT}/Pods/Target Support Files/Pods-QuizTime/Pods-QuizTime-frameworks.sh",
				"${BUILT_PRODUCTS_DIR}/Realm/Realm.framework",
				"${BUILT_PRODUCTS_DIR}/RealmSwift/RealmSwift.framework",
				"${BUILT_PRODUCTS_DIR}/SVProgressHUD/SVProgressHUD.framework",
			);
			name = "[CP] Embed Pods Frameworks";
			outputPaths = (
				"${TARGET_BUILD_DIR}/${FRAMEWORKS_FOLDER_PATH}/Realm.framework",
				"${TARGET_BUILD_DIR}/${FRAMEWORKS_FOLDER_PATH}/RealmSwift.framework",
				"${TARGET_BUILD_DIR}/${FRAMEWORKS_FOLDER_PATH}/SVProgressHUD.framework",
			);
			runOnlyForDeploymentPostprocessing = 0;
			shellPath = /bin/sh;
			shellScript = "\"${SRCROOT}/Pods/Target Support Files/Pods-QuizTime/Pods-QuizTime-frameworks.sh\"\n";
			showEnvVarsInLog = 0;
		};
		C59E2C7E6CE45FDEF4C6EBE4 /* [CP] Copy Pods Resources */ = {
			isa = PBXShellScriptBuildPhase;
			buildActionMask = 2147483647;
			files = (
			);
			inputPaths = (
			);
			name = "[CP] Copy Pods Resources";
			outputPaths = (
			);
			runOnlyForDeploymentPostprocessing = 0;
			shellPath = /bin/sh;
			shellScript = "\"${SRCROOT}/Pods/Target Support Files/Pods-QuizTime/Pods-QuizTime-resources.sh\"\n";
			showEnvVarsInLog = 0;
		};
/* End PBXShellScriptBuildPhase section */

/* Begin PBXSourcesBuildPhase section */
		20C1F32620623B5600251E29 /* Sources */ = {
			isa = PBXSourcesBuildPhase;
			buildActionMask = 2147483647;
			files = (
				20C1F33020623B5600251E29 /* ViewController.swift in Sources */,
				20CB8BFE2062438000F71175 /* DKViewController.swift in Sources */,
				20CB8C00206244E600F71175 /* DNViewController.swift in Sources */,
				20C1F32E20623B5600251E29 /* AppDelegate.swift in Sources */,
			);
			runOnlyForDeploymentPostprocessing = 0;
		};
/* End PBXSourcesBuildPhase section */

/* Begin PBXVariantGroup section */
		20C1F33120623B5600251E29 /* Main.storyboard */ = {
			isa = PBXVariantGroup;
			children = (
				20C1F33220623B5600251E29 /* Base */,
			);
			name = Main.storyboard;
			sourceTree = "<group>";
		};
/* End PBXVariantGroup section */

/* Begin XCBuildConfiguration section */
		20C1F33A20623B5600251E29 /* Debug */ = {
			isa = XCBuildConfiguration;
			buildSettings = {
				ALWAYS_SEARCH_USER_PATHS = NO;
				CLANG_ANALYZER_NONNULL = YES;
				CLANG_ANALYZER_NUMBER_OBJECT_CONVERSION = YES_AGGRESSIVE;
				CLANG_CXX_LANGUAGE_STANDARD = "gnu++14";
				CLANG_CXX_LIBRARY = "libc++";
				CLANG_ENABLE_MODULES = YES;
				CLANG_ENABLE_OBJC_ARC = YES;
				CLANG_WARN_BLOCK_CAPTURE_AUTORELEASING = YES;
				CLANG_WARN_BOOL_CONVERSION = YES;
				CLANG_WARN_COMMA = YES;
				CLANG_WARN_CONSTANT_CONVERSION = YES;
				CLANG_WARN_DIRECT_OBJC_ISA_USAGE = YES_ERROR;
				CLANG_WARN_DOCUMENTATION_COMMENTS = YES;
				CLANG_WARN_EMPTY_BODY = YES;
				CLANG_WARN_ENUM_CONVERSION = YES;
				CLANG_WARN_INFINITE_RECURSION = YES;
				CLANG_WARN_INT_CONVERSION = YES;
				CLANG_WARN_NON_LITERAL_NULL_CONVERSION = YES;
				CLANG_WARN_OBJC_LITERAL_CONVERSION = YES;
				CLANG_WARN_OBJC_ROOT_CLASS = YES_ERROR;
				CLANG_WARN_RANGE_LOOP_ANALYSIS = YES;
				CLANG_WARN_STRICT_PROTOTYPES = YES;
				CLANG_WARN_SUSPICIOUS_MOVE = YES;
				CLANG_WARN_UNGUARDED_AVAILABILITY = YES_AGGRESSIVE;
				CLANG_WARN_UNREACHABLE_CODE = YES;
				CLANG_WARN__DUPLICATE_METHOD_MATCH = YES;
				CODE_SIGN_IDENTITY = "iPhone Developer";
				COPY_PHASE_STRIP = NO;
				DEBUG_INFORMATION_FORMAT = dwarf;
				ENABLE_STRICT_OBJC_MSGSEND = YES;
				ENABLE_TESTABILITY = YES;
				GCC_C_LANGUAGE_STANDARD = gnu11;
				GCC_DYNAMIC_NO_PIC = NO;
				GCC_NO_COMMON_BLOCKS = YES;
				GCC_OPTIMIZATION_LEVEL = 0;
				GCC_PREPROCESSOR_DEFINITIONS = (
					"DEBUG=1",
					"$(inherited)",
				);
				GCC_WARN_64_TO_32_BIT_CONVERSION = YES;
				GCC_WARN_ABOUT_RETURN_TYPE = YES_ERROR;
				GCC_WARN_UNDECLARED_SELECTOR = YES;
				GCC_WARN_UNINITIALIZED_AUTOS = YES_AGGRESSIVE;
				GCC_WARN_UNUSED_FUNCTION = YES;
				GCC_WARN_UNUSED_VARIABLE = YES;
				IPHONEOS_DEPLOYMENT_TARGET = 11.2;
				MTL_ENABLE_DEBUG_INFO = YES;
				ONLY_ACTIVE_ARCH = YES;
				SDKROOT = iphoneos;
				SWIFT_ACTIVE_COMPILATION_CONDITIONS = DEBUG;
				SWIFT_OPTIMIZATION_LEVEL = "-Onone";
			};
			name = Debug;
		};
		20C1F33B20623B5600251E29 /* Release */ = {
			isa = XCBuildConfiguration;
			buildSettings = {
				ALWAYS_SEARCH_USER_PATHS = NO;
				CLANG_ANALYZER_NONNULL = YES;
				CLANG_ANALYZER_NUMBER_OBJECT_CONVERSION = YES_AGGRESSIVE;
				CLANG_CXX_LANGUAGE_STANDARD = "gnu++14";
				CLANG_CXX_LIBRARY = "libc++";
				CLANG_ENABLE_MODULES = YES;
				CLANG_ENABLE_OBJC_ARC = YES;
				CLANG_WARN_BLOCK_CAPTURE_AUTORELEASING = YES;
				CLANG_WARN_BOOL_CONVERSION = YES;
				CLANG_WARN_COMMA = YES;
				CLANG_WARN_CONSTANT_CONVERSION = YES;
				CLANG_WARN_DIRECT_OBJC_ISA_USAGE = YES_ERROR;
				CLANG_WARN_DOCUMENTATION_COMMENTS = YES;
				CLANG_WARN_EMPTY_BODY = YES;
				CLANG_WARN_ENUM_CONVERSION = YES;
				CLANG_WARN_INFINITE_RECURSION = YES;
				CLANG_WARN_INT_CONVERSION = YES;
				CLANG_WARN_NON_LITERAL_NULL_CONVERSION = YES;
				CLANG_WARN_OBJC_LITERAL_CONVERSION = YES;
				CLANG_WARN_OBJC_ROOT_CLASS = YES_ERROR;
				CLANG_WARN_RANGE_LOOP_ANALYSIS = YES;
				CLANG_WARN_STRICT_PROTOTYPES = YES;
				CLANG_WARN_SUSPICIOUS_MOVE = YES;
				CLANG_WARN_UNGUARDED_AVAILABILITY = YES_AGGRESSIVE;
				CLANG_WARN_UNREACHABLE_CODE = YES;
				CLANG_WARN__DUPLICATE_METHOD_MATCH = YES;
				CODE_SIGN_IDENTITY = "iPhone Developer";
				COPY_PHASE_STRIP = NO;
				DEBUG_INFORMATION_FORMAT = "dwarf-with-dsym";
				ENABLE_NS_ASSERTIONS = NO;
				ENABLE_STRICT_OBJC_MSGSEND = YES;
				GCC_C_LANGUAGE_STANDARD = gnu11;
				GCC_NO_COMMON_BLOCKS = YES;
				GCC_WARN_64_TO_32_BIT_CONVERSION = YES;
				GCC_WARN_ABOUT_RETURN_TYPE = YES_ERROR;
				GCC_WARN_UNDECLARED_SELECTOR = YES;
				GCC_WARN_UNINITIALIZED_AUTOS = YES_AGGRESSIVE;
				GCC_WARN_UNUSED_FUNCTION = YES;
				GCC_WARN_UNUSED_VARIABLE = YES;
				IPHONEOS_DEPLOYMENT_TARGET = 11.2;
				MTL_ENABLE_DEBUG_INFO = NO;
				SDKROOT = iphoneos;
				SWIFT_OPTIMIZATION_LEVEL = "-Owholemodule";
				VALIDATE_PRODUCT = YES;
			};
			name = Release;
		};
		20C1F33D20623B5600251E29 /* Debug */ = {
			isa = XCBuildConfiguration;
			baseConfigurationReference = 963CF4D5710866C14F2AE444 /* Pods-QuizTime.debug.xcconfig */;
			buildSettings = {
				ASSETCATALOG_COMPILER_APPICON_NAME = AppIcon;
				CODE_SIGN_STYLE = Automatic;
				INFOPLIST_FILE = QuizTime/Info.plist;
				IPHONEOS_DEPLOYMENT_TARGET = 11.0;
				LD_RUNPATH_SEARCH_PATHS = "$(inherited) @executable_path/Frameworks";
				PRODUCT_BUNDLE_IDENTIFIER = com.samthuong.QuizTime;
				PRODUCT_NAME = "$(TARGET_NAME)";
				SWIFT_VERSION = 4.0;
				TARGETED_DEVICE_FAMILY = "1,2";
			};
			name = Debug;
		};
		20C1F33E20623B5600251E29 /* Release */ = {
			isa = XCBuildConfiguration;
			baseConfigurationReference = 31C0E4FE19CD138A5E8D7D34 /* Pods-QuizTime.release.xcconfig */;
			buildSettings = {
				ASSETCATALOG_COMPILER_APPICON_NAME = AppIcon;
				CODE_SIGN_STYLE = Automatic;
				INFOPLIST_FILE = QuizTime/Info.plist;
				IPHONEOS_DEPLOYMENT_TARGET = 11.0;
				LD_RUNPATH_SEARCH_PATHS = "$(inherited) @executable_path/Frameworks";
				PRODUCT_BUNDLE_IDENTIFIER = com.samthuong.QuizTime;
				PRODUCT_NAME = "$(TARGET_NAME)";
				SWIFT_VERSION = 4.0;
				TARGETED_DEVICE_FAMILY = "1,2";
			};
			name = Release;
		};
/* End XCBuildConfiguration section */

/* Begin XCConfigurationList section */
		20C1F32520623B5600251E29 /* Build configuration list for PBXProject "QuizTime" */ = {
			isa = XCConfigurationList;
			buildConfigurations = (
				20C1F33A20623B5600251E29 /* Debug */,
				20C1F33B20623B5600251E29 /* Release */,
			);
			defaultConfigurationIsVisible = 0;
			defaultConfigurationName = Release;
		};
		20C1F33C20623B5600251E29 /* Build configuration list for PBXNativeTarget "QuizTime" */ = {
			isa = XCConfigurationList;
			buildConfigurations = (
				20C1F33D20623B5600251E29 /* Debug */,
				20C1F33E20623B5600251E29 /* Release */,
			);
			defaultConfigurationIsVisible = 0;
			defaultConfigurationName = Release;
		};
/* End XCConfigurationList section */
	};
	rootObject = 20C1F32220623B5600251E29 /* Project object */;
}
